// !$*UTF8*$!
{
	archiveVersion = 1;
	classes = {
	};
	objectVersion = 46;
	objects = {

/* Begin PBXBuildFile section */
		4F48582C1E1B50E50012A7CF /* AppDelegate.swift in Sources */ = {isa = PBXBuildFile; fileRef = 4F48582B1E1B50E50012A7CF /* AppDelegate.swift */; };
		4F48582E1E1B50E50012A7CF /* ViewController.swift in Sources */ = {isa = PBXBuildFile; fileRef = 4F48582D1E1B50E50012A7CF /* ViewController.swift */; };
		4F4858311E1B50E50012A7CF /* Main.storyboard in Resources */ = {isa = PBXBuildFile; fileRef = 4F48582F1E1B50E50012A7CF /* Main.storyboard */; };
		4F4858331E1B50E50012A7CF /* Assets.xcassets in Resources */ = {isa = PBXBuildFile; fileRef = 4F4858321E1B50E50012A7CF /* Assets.xcassets */; };
		4F4858361E1B50E50012A7CF /* LaunchScreen.storyboard in Resources */ = {isa = PBXBuildFile; fileRef = 4F4858341E1B50E50012A7CF /* LaunchScreen.storyboard */; };
/* End PBXBuildFile section */

/* Begin PBXFileReference section */
		4F4858281E1B50E50012A7CF /* podex2.app */ = {isa = PBXFileReference; explicitFileType = wrapper.application; includeInIndex = 0; path = podex2.app; sourceTree = BUILT_PRODUCTS_DIR; };
		4F48582B1E1B50E50012A7CF /* AppDelegate.swift */ = {isa = PBXFileReference; lastKnownFileType = sourcecode.swift; path = AppDelegate.swift; sourceTree = "<group>"; };
		4F48582D1E1B50E50012A7CF /* ViewController.swift */ = {isa = PBXFileReference; lastKnownFileType = sourcecode.swift; path = ViewController.swift; sourceTree = "<group>"; };
		4F4858301E1B50E50012A7CF /* Base */ = {isa = PBXFileReference; lastKnownFileType = file.storyboard; name = Base; path = Base.lproj/Main.storyboard; sourceTree = "<group>"; };
		4F4858321E1B50E50012A7CF /* Assets.xcassets */ = {isa = PBXFileReference; lastKnownFileType = folder.assetcatalog; path = Assets.xcassets; sourceTree = "<group>"; };
		4F4858351E1B50E50012A7CF /* Base */ = {isa = PBXFileReference; lastKnownFileType = file.storyboard; name = Base; path = Base.lproj/LaunchScreen.storyboard; sourceTree = "<group>"; };
		4F4858371E1B50E50012A7CF /* Info.plist */ = {isa = PBXFileReference; lastKnownFileType = text.plist.xml; path = Info.plist; sourceTree = "<group>"; };
/* End PBXFileReference section */

/* Begin PBXFrameworksBuildPhase section */
		4F4858251E1B50E50012A7CF /* Frameworks */ = {
			isa = PBXFrameworksBuildPhase;
			buildActionMask = 2147483647;
			files = (
			);
			runOnlyForDeploymentPostprocessing = 0;
		};
/* End PBXFrameworksBuildPhase section */

/* Begin PBXGroup section */
		4F48581F1E1B50E50012A7CF = {
			isa = PBXGroup;
			children = (
				4F48582A1E1B50E50012A7CF /* podex2 */,
				4F4858291E1B50E50012A7CF /* Products */,
			);
			sourceTree = "<group>";
		};
		4F4858291E1B50E50012A7CF /* Products */ = {
			isa = PBXGroup;
			children = (
				4F4858281E1B50E50012A7CF /* podex2.app */,
			);
			name = Products;
			sourceTree = "<group>";
		};
		4F48582A1E1B50E50012A7CF /* podex2 */ = {
			isa = PBXGroup;
			children = (
				4F48582B1E1B50E50012A7CF /* AppDelegate.swift */,
				4F48582D1E1B50E50012A7CF /* ViewController.swift */,
				4F48582F1E1B50E50012A7CF /* Main.storyboard */,
				4F4858321E1B50E50012A7CF /* Assets.xcassets */,
				4F4858341E1B50E50012A7CF /* LaunchScreen.storyboard */,
				4F4858371E1B50E50012A7CF /* Info.plist */,
			);
			path = podex2;
			sourceTree = "<group>";
		};
/* End PBXGroup section */

/* Begin PBXNativeTarget section */
		4F4858271E1B50E50012A7CF /* podex2 */ = {
			isa = PBXNativeTarget;
			buildConfigurationList = 4F48583A1E1B50E50012A7CF /* Build configuration list for PBXNativeTarget "podex2" */;
			buildPhases = (
				4F4858241E1B50E50012A7CF /* Sources */,
				4F4858251E1B50E50012A7CF /* Frameworks */,
				4F4858261E1B50E50012A7CF /* Resources */,
			);
			buildRules = (
			);
			dependencies = (
			);
			name = podex2;
			productName = podex2;
			productReference = 4F4858281E1B50E50012A7CF /* podex2.app */;
			productType = "com.apple.product-type.application";
		};
/* End PBXNativeTarget section */

/* Begin PBXProject section */
		4F4858201E1B50E50012A7CF /* Project object */ = {
			isa = PBXProject;
			attributes = {
				LastSwiftUpdateCheck = 0810;
				LastUpgradeCheck = 0810;
				ORGANIZATIONNAME = MuhammadUmarWaheed;
				TargetAttributes = {
					4F4858271E1B50E50012A7CF = {
						CreatedOnToolsVersion = 8.1;
						ProvisioningStyle = Automatic;
					};
				};
			};
			buildConfigurationList = 4F4858231E1B50E50012A7CF /* Build configuration list for PBXProject "podex2" */;
			compatibilityVersion = "Xcode 3.2";
			developmentRegion = English;
			hasScannedForEncodings = 0;
			knownRegions = (
				en,
				Base,
			);
			mainGroup = 4F48581F1E1B50E50012A7CF;
			productRefGroup = 4F4858291E1B50E50012A7CF /* Products */;
			projectDirPath = "";
			projectRoot = "";
			targets = (
				4F4858271E1B50E50012A7CF /* podex2 */,
			);
		};
/* End PBXProject section */

/* Begin PBXResourcesBuildPhase section */
		4F4858261E1B50E50012A7CF /* Resources */ = {
			isa = PBXResourcesBuildPhase;
			buildActionMask = 2147483647;
			files = (
				4F4858361E1B50E50012A7CF /* LaunchScreen.storyboard in Resources */,
				4F4858331E1B50E50012A7CF /* Assets.xcassets in Resources */,
				4F4858311E1B50E50012A7CF /* Main.storyboard in Resources */,
			);
			runOnlyForDeploymentPostprocessing = 0;
		};
/* End PBXResourcesBuildPhase section */

/* Begin PBXSourcesBuildPhase section */
		4F4858241E1B50E50012A7CF /* Sources */ = {
			isa = PBXSourcesBuildPhase;
			buildActionMask = 2147483647;
			files = (
				4F48582E1E1B50E50012A7CF /* ViewController.swift in Sources */,
				4F48582C1E1B50E50012A7CF /* AppDelegate.swift in Sources */,
			);
			runOnlyForDeploymentPostprocessing = 0;
		};
/* End PBXSourcesBuildPhase section */

/* Begin PBXVariantGroup section */
		4F48582F1E1B50E50012A7CF /* Main.storyboard */ = {
			isa = PBXVariantGroup;
			children = (
				4F4858301E1B50E50012A7CF /* Base */,
			);
			name = Main.storyboard;
			sourceTree = "<group>";
		};
		4F4858341E1B50E50012A7CF /* LaunchScreen.storyboard */ = {
			isa = PBXVariantGroup;
			children = (
				4F4858351E1B50E50012A7CF /* Base */,
			);
			name = LaunchScreen.storyboard;
			sourceTree = "<group>";
		};
/* End PBXVariantGroup section */

/* Begin XCBuildConfiguration section */
		4F4858381E1B50E50012A7CF /* Debug */ = {
			isa = XCBuildConfiguration;
			buildSettings = {
				ALWAYS_SEARCH_USER_PATHS = NO;
				CLANG_ANALYZER_NONNULL = YES;
				CLANG_CXX_LANGUAGE_STANDARD = "gnu++0x";
				CLANG_CXX_LIBRARY = "libc++";
				CLANG_ENABLE_MODULES = YES;
				CLANG_ENABLE_OBJC_ARC = YES;
				CLANG_WARN_BOOL_CONVERSION = YES;
				CLANG_WARN_CONSTANT_CONVERSION = YES;
				CLANG_WARN_DIRECT_OBJC_ISA_USAGE = YES_ERROR;
				CLANG_WARN_DOCUMENTATION_COMMENTS = YES;
				CLANG_WARN_EMPTY_BODY = YES;
				CLANG_WARN_ENUM_CONVERSION = YES;
				CLANG_WARN_INFINITE_RECURSION = YES;
				CLANG_WARN_INT_CONVERSION = YES;
				CLANG_WARN_OBJC_ROOT_CLASS = YES_ERROR;
				CLANG_WARN_SUSPICIOUS_MOVES = YES;
				CLANG_WARN_UNREACHABLE_CODE = YES;
				CLANG_WARN__DUPLICATE_METHOD_MATCH = YES;
				"CODE_SIGN_IDENTITY[sdk=iphoneos*]" = "iPhone Developer";
				COPY_PHASE_STRIP = NO;
				DEBUG_INFORMATION_FORMAT = dwarf;
				ENABLE_STRICT_OBJC_MSGSEND = YES;
				ENABLE_TESTABILITY = YES;
				GCC_C_LANGUAGE_STANDARD = gnu99;
				GCC_DYNAMIC_NO_PIC = NO;
				GCC_NO_COMMON_BLOCKS = YES;
				GCC_OPTIMIZATION_LEVEL = 0;
				GCC_PREPROCESSOR_DEFINITIONS = (
					"DEBUG=1",
					"$(inherited)",
				);
				GCC_WARN_64_TO_32_BIT_CONVERSION = YES;
				GCC_WARN_ABOUT_RETURN_TYPE = YES_ERROR;
				GCC_WARN_UNDECLARED_SELECTOR = YES;
				GCC_WARN_UNINITIALIZED_AUTOS = YES_AGGRESSIVE;
				GCC_WARN_UNUSED_FUNCTION = YES;
				GCC_WARN_UNUSED_VARIABLE = YES;
				IPHONEOS_DEPLOYMENT_TARGET = 10.1;
				MTL_ENABLE_DEBUG_INFO = YES;
				ONLY_ACTIVE_ARCH = YES;
				SDKROOT = iphoneos;
				SWIFT_ACTIVE_COMPILATION_CONDITIONS = DEBUG;
				SWIFT_OPTIMIZATION_LEVEL = "-Onone";
				TARGETED_DEVICE_FAMILY = "1,2";
			};
			name = Debug;
		};
		4F4858391E1B50E50012A7CF /* Release */ = {
			isa = XCBuildConfiguration;
			buildSettings = {
				ALWAYS_SEARCH_USER_PATHS = NO;
				CLANG_ANALYZER_NONNULL = YES;
				CLANG_CXX_LANGUAGE_STANDARD = "gnu++0x";
				CLANG_CXX_LIBRARY = "libc++";
				CLANG_ENABLE_MODULES = YES;
				CLANG_ENABLE_OBJC_ARC = YES;
				CLANG_WARN_BOOL_CONVERSION = YES;
				CLANG_WARN_CONSTANT_CONVERSION = YES;
				CLANG_WARN_DIRECT_OBJC_ISA_USAGE = YES_ERROR;
				CLANG_WARN_DOCUMENTATION_COMMENTS = YES;
				CLANG_WARN_EMPTY_BODY = YES;
				CLANG_WARN_ENUM_CONVERSION = YES;
				CLANG_WARN_INFINITE_RECURSION = YES;
				CLANG_WARN_INT_CONVERSION = YES;
				CLANG_WARN_OBJC_ROOT_CLASS = YES_ERROR;
				CLANG_WARN_SUSPICIOUS_MOVES = YES;
				CLANG_WARN_UNREACHABLE_CODE = YES;
				CLANG_WARN__DUPLICATE_METHOD_MATCH = YES;
				"CODE_SIGN_IDENTITY[sdk=iphoneos*]" = "iPhone Developer";
				COPY_PHASE_STRIP = NO;
				DEBUG_INFORMATION_FORMAT = "dwarf-with-dsym";
				ENABLE_NS_ASSERTIONS = NO;
				ENABLE_STRICT_OBJC_MSGSEND = YES;
				GCC_C_LANGUAGE_STANDARD = gnu99;
				GCC_NO_COMMON_BLOCKS = YES;
				GCC_WARN_64_TO_32_BIT_CONVERSION = YES;
				GCC_WARN_ABOUT_RETURN_TYPE = YES_ERROR;
				GCC_WARN_UNDECLARED_SELECTOR = YES;
				GCC_WARN_UNINITIALIZED_AUTOS = YES_AGGRESSIVE;
				GCC_WARN_UNUSED_FUNCTION = YES;
				GCC_WARN_UNUSED_VARIABLE = YES;
				IPHONEOS_DEPLOYMENT_TARGET = 10.1;
				MTL_ENABLE_DEBUG_INFO = NO;
				SDKROOT = iphoneos;
				SWIFT_OPTIMIZATION_LEVEL = "-Owholemodule";
				TARGETED_DEVICE_FAMILY = "1,2";
				VALIDATE_PRODUCT = YES;
			};
			name = Release;
		};
		4F48583B1E1B50E50012A7CF /* Debug */ = {
			isa = XCBuildConfiguration;
			buildSettings = {
				ASSETCATALOG_COMPILER_APPICON_NAME = AppIcon;
				INFOPLIST_FILE = podex2/Info.plist;
				LD_RUNPATH_SEARCH_PATHS = "$(inherited) @executable_path/Frameworks";
				PRODUCT_BUNDLE_IDENTIFIER = com.umarblog.podex2;
				PRODUCT_NAME = "$(TARGET_NAME)";
				SWIFT_VERSION = 3.0;
			};
			name = Debug;
		};
		4F48583C1E1B50E50012A7CF /* Release */ = {
			isa = XCBuildConfiguration;
			buildSettings = {
				ASSETCATALOG_COMPILER_APPICON_NAME = AppIcon;
				INFOPLIST_FILE = podex2/Info.plist;
				LD_RUNPATH_SEARCH_PATHS = "$(inherited) @executable_path/Frameworks";
				PRODUCT_BUNDLE_IDENTIFIER = com.umarblog.podex2;
				PRODUCT_NAME = "$(TARGET_NAME)";
				SWIFT_VERSION = 3.0;
			};
			name = Release;
		};
/* End XCBuildConfiguration section */

/* Begin XCConfigurationList section */
		4F4858231E1B50E50012A7CF /* Build configuration list for PBXProject "podex2" */ = {
			isa = XCConfigurationList;
			buildConfigurations = (
				4F4858381E1B50E50012A7CF /* Debug */,
				4F4858391E1B50E50012A7CF /* Release */,
			);
			defaultConfigurationIsVisible = 0;
			defaultConfigurationName = Release;
		};
		4F48583A1E1B50E50012A7CF /* Build configuration list for PBXNativeTarget "podex2" */ = {
			isa = XCConfigurationList;
			buildConfigurations = (
				4F48583B1E1B50E50012A7CF /* Debug */,
				4F48583C1E1B50E50012A7CF /* Release */,
			);
			defaultConfigurationIsVisible = 0;
		};
/* End XCConfigurationList section */
	};
	rootObject = 4F4858201E1B50E50012A7CF /* Project object */;
}
